# This file is automatically @generated by Cargo.
# It is not intended for manual editing.
version = 4

[[package]]
name = "baseline"
version = "0.1.0"
dependencies = [
 "engine",
]

[[package]]
name = "default_off"
version = "0.1.0"
dependencies = [
 "engine",
]

[[package]]
name = "engine"
version = "0.1.0"

[[package]]
name = "feature"
version = "0.1.0"
dependencies = [
 "engine",
]

[[package]]
name = "optional"
version = "0.1.0"
dependencies = [
 "engine",
]

[[package]]
name = "renamed"
version = "0.1.0"
dependencies = [
 "engine",
]

[[package]]
name = "target_scope"
version = "0.1.0"
dependencies = [
 "engine",
]
