# The line each documentation citation points at, as it read when a person last
# checked that it supports the sentence citing it.
#
# One entry per cited line: `<source path>:<line>` TAB `<the line, stripped>`.
# Generated and checked by `scripts/check-doc-citations.py`; regenerate with
# `--update`, and read the diff. A line whose text changes here is a line under
# a citation that moved, and re-anchoring is confirming each one still supports
# its claim rather than rewriting the entry to match.
Cargo.toml:131	print_stderr = "forbid"
Cargo.toml:132	print_stdout = "forbid"
crates/lgwks-ast/src/lib.rs:54	//! point for anything else is a caller-registered parser. [`CustomLang`] is
crates/lgwks-ast/src/lib.rs:3405	assert_eq!(
crates/lgwks-ast/src/lib.rs:3408	"the fixture table must cover every grammar the manifest declares"
crates/lgwks-bot/src/cap.rs:15	//! before acting. This stops confused-deputy calls and accidental ungated
crates/lgwks-bot/src/cap.rs:55	pub const NET: &str = "bot.net";
crates/lgwks-bot/src/cap.rs:66	pub fn new(name: impl Into<Cow<'static, str>>) -> Self {
crates/lgwks-bot/src/cap.rs:204	pub struct Deficit {
crates/lgwks-bot/src/cap.rs:290	pub fn to_grant_set(&self) -> GrantSet {
crates/lgwks-bot/src/cap.rs:391	pub(crate) fn new(mut caps: Vec<Cap>) -> Self {
crates/lgwks-bot/src/cap.rs:489	pub fn check(&self, required: &[Cap]) -> Result<(), BotError> {
crates/lgwks-bot/src/domain/sys.rs:43	/// rest is drained and counted, never retained.
crates/lgwks-bot/src/ecs.rs:1428	struct TickError(Option<BotError>);
crates/lgwks-bot/src/ecs.rs:1970	/// chain's before committing anything.
crates/lgwks-bot/src/ecs.rs:4088	/// satisfied, so the entries behind it are unresolved through it.
crates/lgwks-bot/src/ecs.rs:4167	/// explains every successor blocked behind it, so naming it is naming the
crates/lgwks-bot/src/ecs.rs:4502	RetryClass::Never => EntryState::Abandoned {
crates/lgwks-bot/src/ecs.rs:4668	*slot = Some(value);
crates/lgwks-bot/src/ecs.rs:4780	fn fire_plan(world: &mut World) {
crates/lgwks-bot/src/ecs.rs:4943	/// bindings. Empty `Vec`s are left in their place, so a tick that dies before
crates/lgwks-bot/src/ecs.rs:5055	*failure = Some(error);
crates/lgwks-bot/src/ecs.rs:5455	pub async fn tick_async(&mut self) -> Result<usize, BotError> {
crates/lgwks-bot/src/ecs.rs:5507	// borrow of the plan would outlive the schedule that wrote it. An empty
crates/lgwks-bot/src/ecs.rs:5629	pub fn tick(&mut self) -> Result<usize, BotError> {
crates/lgwks-bot/src/ecs.rs:6933	pub fn observe<U>(self, source: U) -> EcsObserveBuilder<U>
crates/lgwks-bot/src/ecs.rs:7132	let mut shortages: Vec<Shortage> = Vec::new();
crates/lgwks-bot/src/ecs.rs:7152	world.insert_resource(Grants(grants.clone()));
crates/lgwks-bot/src/error.rs:186	/// the calling thread until its verb futures resolve, and the thread it was
crates/lgwks-bot/src/gate.rs:14	pub struct GrantSet {
crates/lgwks-bot/src/gate.rs:59	pub fn grant(mut self, cap: Cap) -> Self {
crates/lgwks-bot/src/gate.rs:106	pub fn uncovered(&self, required: &[Cap], demand: &Demand) -> Vec<Shortage> {
crates/lgwks-bot/src/gate.rs:116	pub fn admit(&self, required: &[Cap]) -> Result<(), BotError> {
crates/lgwks-bot/src/gate.rs:131	pub fn issue(&self, required: &[Cap]) -> Result<Auth, BotError> {
crates/lgwks-bot/src/language.rs:1	//! Language understanding: turning what a person actually typed into a choice.
crates/lgwks-bot/src/language.rs:76	/// The longest normalized input the shipped resolver will compare.
crates/lgwks-bot/src/language.rs:85	/// receipt. `the_digest_input_bound_is_the_shipped_bound` asserts the two agree,
crates/lgwks-bot/src/language.rs:99	pub const MATCH_MARGIN: f64 = 0.08;
crates/lgwks-bot/src/language.rs:294	fn winning_tier(mut scored: Vec<(usize, MatchTier, f64)>) -> Vec<(usize, MatchTier, f64)> {
crates/lgwks-bot/src/language.rs:384	///   `5`; see #38), and an identity that aliases two distinct options is not an
crates/lgwks-bot/src/language.rs:465	let scored: Vec<(usize, MatchTier, f64)> = question
crates/lgwks-bot/src/language.rs:580	/// Creates a resolver pre-loaded with learned aliases.
crates/lgwks-bot/src/language.rs:611	pub fn learn(&mut self, question: &str, utterance: &str, option: &str) -> Option<Alias> {
crates/lgwks-bot/src/language.rs:616	.insert(alias.utterance.clone(), alias)
crates/lgwks-bot/src/language.rs:649	pub fn aliases(&self) -> Vec<Alias> {
crates/lgwks-bot/src/rt/mod.rs:86	//! This is not a scheduler with realtime guarantees. Future completion order
crates/lgwks-bot/src/rt/mod.rs:106	/// engine's `task_local!` needs only the `rt` feature this module already
crates/lgwks-bot/src/rt/mod.rs:117	#[cfg(feature = "io")]
crates/lgwks-bot/src/rt/process.rs:51	Capture(NonZeroUsize),
crates/lgwks-bot/src/rt/process.rs:476	pub struct ProcessRun {
crates/lgwks-bot/src/rt/process.rs:1121	pub enum ProcessRunError {
crates/lgwks-bot/src/rt/runtime.rs:176	let mut builder = lgwks_deps::tokio::runtime::Builder::new_current_thread();
crates/lgwks-bot/src/rt/runtime.rs:179	if self.worker_threads.is_some() && workers.get() > MAX_WORKER_THREADS {
crates/lgwks-bot/src/rt/supervise.rs:9	//! # Why a task cannot leak
crates/lgwks-bot/src/rt/supervise.rs:57	//! cannot be written without a [`Budget`]. Every iteration races the
crates/lgwks-bot/src/rt/supervise.rs:92	//! permits inside a task this supervisor owns can deadlock with itself. The
crates/lgwks-bot/src/rt/supervise.rs:168	/// otherwise never make, which is why it is not larger.
crates/lgwks-bot/src/rt/supervise.rs:184	/// longer than the budget overruns it by one iteration. Cancellation is not
crates/lgwks-bot/src/rt/supervise.rs:1821	/// long enough on one worker and far too short on several, and the failure is
crates/lgwks-bot/src/rt/supervise.rs:1965	pub fn new(max_in_flight: usize) -> Self {
crates/lgwks-bot/src/rt/supervise.rs:2463	/// # Why the description is borrowed
crates/lgwks-bot/src/rt/supervise.rs:2698	let end = drive_process_observed(&clock, child, &token, group, bounds, on_line).await;
crates/lgwks-bot/src/rt/supervise.rs:4999	token.run_until_cancelled(body(iterations)),
crates/lgwks-bot/src/rt/supervise.rs:5108	mod tests {
crates/lgwks-bot/src/rt/task.rs:170	where
crates/lgwks-bot/src/semantic.rs:13	//! This tier is consulted only when the lexicon returns [`Resolution::Absent`] —
crates/lgwks-bot/src/semantic.rs:117	pub trait Embedder {
crates/lgwks-bot/src/semantic.rs:356	pub const DEFAULT: Self = Self {
crates/lgwks-bot/src/session.rs:1	//! Validated declarative guidance flows and a synchronous session runner.
crates/lgwks-bot/src/session.rs:64	/// one costs memory for nothing.
crates/lgwks-bot/src/session.rs:376	String,
crates/lgwks-bot/src/session.rs:433	pub fn decode_answer(&self, answer: &str) -> Result<Value, AnswerRejection> {
crates/lgwks-bot/src/session.rs:489	pub(crate) fn decode_integer(raw: &str) -> Option<i64> {
crates/lgwks-bot/src/session.rs:569	Literal(Value),
crates/lgwks-bot/src/session.rs:796	for option in options {
crates/lgwks-bot/src/session.rs:859	/// A helper for the pair rather than two calls: the branch's whole contract is
crates/lgwks-bot/src/session.rs:983	pub enum Disposition {
crates/lgwks-bot/src/session.rs:1010	pub struct EffectLedger {
crates/lgwks-bot/src/session.rs:1141	Refused {
crates/lgwks-bot/src/session.rs:1248	pub struct FlowSpec {
crates/lgwks-bot/src/session.rs:1282	bounds,
crates/lgwks-bot/src/session.rs:1315	/// Parse and validate a flow using the shared JSON facade.
crates/lgwks-bot/src/session.rs:1812	return refusal;
crates/lgwks-bot/src/session.rs:2626	total = total
crates/lgwks-bot/src/session.rs:2774	pub struct TemplateInterpolator;
crates/lgwks-bot/src/session.rs:2848	/// renderings, so two thresholds differing in the last bit are two versions and
crates/lgwks-bot/src/session.rs:2965	provenance: Provenance,
crates/lgwks-bot/src/session.rs:3034	pub enum MatchTier {
crates/lgwks-bot/src/session.rs:3064	/// not folded into it.
crates/lgwks-bot/src/session.rs:3090	/// journal could not write down.
crates/lgwks-bot/src/session.rs:3225	pub struct DecisionReceipt {
crates/lgwks-bot/src/session.rs:4005	return refusal;
crates/lgwks-bot/src/session.rs:4229	NodeKind::Route { dispatch, fallback } => {
crates/lgwks-bot/src/session.rs:4243	/// The one place a session reads a terminal outcome. `drive` reaches this
crates/lgwks-bot/src/spec.rs:456	pub use crate::ecs::{
crates/lgwks-bot/src/spec.rs:797	let auth: Auth = grants.issue(self.0.required_caps())?;
crates/lgwks-deps/src/lib.rs:15	//! remote CI. It reads `cargo metadata --no-deps`, not the transitive lockfile
crates/lgwks-deps/src/lib.rs:88	pub mod scan;
crates/lgwks-std/src/task.rs:419	pub fn spawn_blocking<F, T>(job: F) -> JoinHandle<T>
docs/guidance-runner-spec.md:193	`review`.
